{
  "originHash" : "265fcf1f0dfcdc1d6b65fc74c94c766acbef279694d8daccc6c28267b746eccc",
  "pins" : [
    {
      "identity" : "ouro-native-apple-app-shell",
      "kind" : "remoteSourceControl",
      "location" : "https://github.com/ourostack/ouro-native-apple-app-shell.git",
      "state" : {
        "branch" : "main",
        "revision" : "54cbc7f92778ee151d6e80d917f46bb614a2ea48"
      }
    },
    {
      "identity" : "swift-cmark",
      "kind" : "remoteSourceControl",
      "location" : "https://github.com/swiftlang/swift-cmark.git",
      "state" : {
        "branch" : "gfm",
        "revision" : "0101bf2c6ff6a218f93150f340fe5ccf76d9f3aa"
      }
    },
    {
      "identity" : "swift-markdown",
      "kind" : "remoteSourceControl",
      "location" : "https://github.com/apple/swift-markdown.git",
      "state" : {
        "branch" : "main",
        "revision" : "4661b550c55abde97d14e35b89e094084669f40a"
      }
    }
  ],
  "version" : 3
}
