{
  "originHash" : "3c6c6642c4b05fe76fc2858bdb482da11fc7c3a85cd12f33c643f492c2d60ced",
  "pins" : [
    {
      "identity" : "ouro-native-apple-app-shell",
      "kind" : "remoteSourceControl",
      "location" : "https://github.com/ourostack/ouro-native-apple-app-shell.git",
      "state" : {
        "branch" : "main",
        "revision" : "3e3ff236474ecc5e1edd1f811779a6ca0adf7624"
      }
    },
    {
      "identity" : "swift-cmark",
      "kind" : "remoteSourceControl",
      "location" : "https://github.com/swiftlang/swift-cmark.git",
      "state" : {
        "branch" : "gfm",
        "revision" : "0101bf2c6ff6a218f93150f340fe5ccf76d9f3aa"
      }
    },
    {
      "identity" : "swift-markdown",
      "kind" : "remoteSourceControl",
      "location" : "https://github.com/apple/swift-markdown.git",
      "state" : {
        "branch" : "main",
        "revision" : "4661b550c55abde97d14e35b89e094084669f40a"
      }
    }
  ],
  "version" : 3
}
