{
  "originHash" : "f56b3264ec9553088960db95417214d9be33aa1eb19e634bd1e9fb1c792e20ba",
  "pins" : [
    {
      "identity" : "ouro-native-apple-app-shell",
      "kind" : "remoteSourceControl",
      "location" : "https://github.com/ourostack/ouro-native-apple-app-shell.git",
      "state" : {
        "branch" : "main",
        "revision" : "9f1db0b40afa352e347a0ecffe993af82e4a7356"
      }
    },
    {
      "identity" : "swift-cmark",
      "kind" : "remoteSourceControl",
      "location" : "https://github.com/swiftlang/swift-cmark.git",
      "state" : {
        "branch" : "gfm",
        "revision" : "0101bf2c6ff6a218f93150f340fe5ccf76d9f3aa"
      }
    },
    {
      "identity" : "swift-markdown",
      "kind" : "remoteSourceControl",
      "location" : "https://github.com/apple/swift-markdown.git",
      "state" : {
        "revision" : "4661b550c55abde97d14e35b89e094084669f40a"
      }
    }
  ],
  "version" : 3
}
